<?xml version="1.0" encoding="utf-8"?>
<Project ToolsVersion="4.0" xmlns="http://schemas.microsoft.com/developer/msbuild/2003">
  <ItemGroup>
    <ClInclude Include="KinectVisualizer.h" />
    <ClCompile Include="KinectVisualizer.cpp" />
    <ClCompile Include="Main.cpp" />
    <ClInclude Include="pch.h" />
    <ClCompile Include="pch.cpp" />
    <CustomBuild Include="CalibData.inl" />
    <ClInclude Include="SeparableFilter.h">
      <Filter>SeparableFilter</Filter>
    </ClInclude>
    <ClCompile Include="SeparableFilter.cpp">
      <Filter>SeparableFilter</Filter>
    </ClCompile>
    <CustomBuild Include="SeparableFilter.hlsl">
      <Filter>SeparableFilter</Filter>
    </CustomBuild>
    <CustomBuild Include="BilateralFilter.hlsl">
      <Filter>SeparableFilter</Filter>
    </CustomBuild>
    <CustomBuild Include="SeparableFilter_SharedHeader.inl">
      <Filter>SeparableFilter</Filter>
    </CustomBuild>
    <ClInclude Include="LinearFrameAllocator.h">
      <Filter>SensorTexGen</Filter>
    </ClInclude>
    <ClInclude Include="SensorTexGen.h">
      <Filter>SensorTexGen</Filter>
    </ClInclude>
    <ClCompile Include="LinearFrameAllocator.cpp">
      <Filter>SensorTexGen</Filter>
    </ClCompile>
    <ClCompile Include="SensorTexGen.cpp">
      <Filter>SensorTexGen</Filter>
    </ClCompile>
    <CustomBuild Include="SensorTexGen_SharedHeader.inl">
      <Filter>SensorTexGen</Filter>
    </CustomBuild>
    <CustomBuild Include="SensorTexGen.hlsl">
      <Filter>SensorTexGen</Filter>
    </CustomBuild>
    <ClInclude Include="PointCloudRenderer.h">
      <Filter>PointCloudRenderer</Filter>
    </ClInclude>
    <ClCompile Include="PointCloudRenderer.cpp">
      <Filter>PointCloudRenderer</Filter>
    </ClCompile>
    <CustomBuild Include="PointCloudRenderer_SharedHeader.inl">
      <Filter>PointCloudRenderer</Filter>
    </CustomBuild>
    <CustomBuild Include="PointCloudRenderer.hlsl">
      <Filter>PointCloudRenderer</Filter>
    </CustomBuild>
  </ItemGroup>
  <ItemGroup>
    <Filter Include="SeparableFilter">
      <UniqueIdentifier>{c5d905be-b49b-4997-8c10-3ac31aac6662}</UniqueIdentifier>
    </Filter>
    <Filter Include="SensorTexGen">
      <UniqueIdentifier>{2c3e05dc-2828-43b9-a826-bf54e5c816c4}</UniqueIdentifier>
    </Filter>
    <Filter Include="PointCloudRenderer">
      <UniqueIdentifier>{927e22d2-e0ee-4d72-8f6c-0f292bdaaab8}</UniqueIdentifier>
    </Filter>
  </ItemGroup>
</Project>