<?xml version="1.0" encoding="utf-8"?>
<Project ToolsVersion="4.0" xmlns="http://schemas.microsoft.com/developer/msbuild/2003">
  <ItemGroup>
    <ClInclude Include="KinectVisualizer.h" />
    <ClCompile Include="KinectVisualizer.cpp" />
    <ClCompile Include="Main.cpp" />
    <ClInclude Include="pch.h" />
    <ClCompile Include="pch.cpp" />
    <CustomBuild Include="CalibData.inl" />
    <ClInclude Include="SeparableFilter\SeparableFilter.h">
      <Filter>SeparableFilter</Filter>
    </ClInclude>
    <ClCompile Include="SeparableFilter\SeparableFilter.cpp">
      <Filter>SeparableFilter</Filter>
    </ClCompile>
    <CustomBuild Include="SeparableFilter\SeparableFilter_BilateralFilter_cs.hlsl">
      <Filter>SeparableFilter</Filter>
    </CustomBuild>
    <CustomBuild Include="SeparableFilter\SeparableFilter_BilateralFilter_ps.hlsl">
      <Filter>SeparableFilter</Filter>
    </CustomBuild>
    <CustomBuild Include="SeparableFilter\SeparableFilter_SingleTriangleQuad_vs.hlsl">
      <Filter>SeparableFilter</Filter>
    </CustomBuild>
    <CustomBuild Include="SeparableFilter\SeparableFilter.inl">
      <Filter>SeparableFilter</Filter>
    </CustomBuild>
    <ClInclude Include="SensorTexGen\LinearFrameAllocator.h">
      <Filter>SensorTexGen</Filter>
    </ClInclude>
    <ClCompile Include="SensorTexGen\LinearFrameAllocator.cpp">
      <Filter>SensorTexGen</Filter>
    </ClCompile>
    <ClInclude Include="SensorTexGen\SensorTexGen.h">
      <Filter>SensorTexGen</Filter>
    </ClInclude>
    <ClCompile Include="SensorTexGen\SensorTexGen.cpp">
      <Filter>SensorTexGen</Filter>
    </ClCompile>
    <CustomBuild Include="SensorTexGen\SensorTexGen.inl">
      <Filter>SensorTexGen</Filter>
    </CustomBuild>
    <CustomBuild Include="SensorTexGen\SensorTexGen.hlsli">
      <Filter>SensorTexGen</Filter>
    </CustomBuild>
    <CustomBuild Include="SensorTexGen\SensorTexGen_Copy_cs.hlsl">
      <Filter>SensorTexGen</Filter>
    </CustomBuild>
    <CustomBuild Include="SensorTexGen\SensorTexGen_Copy_ps.hlsl">
      <Filter>SensorTexGen</Filter>
    </CustomBuild>
    <CustomBuild Include="SensorTexGen\SensorTexGen_SingleTriangleQuad_vs.hlsl">
      <Filter>SensorTexGen</Filter>
    </CustomBuild>
    <ClInclude Include="PointCloudRenderer\PointCloudRenderer.h">
      <Filter>PointCloudRenderer</Filter>
    </ClInclude>
    <ClCompile Include="PointCloudRenderer\PointCloudRenderer.cpp">
      <Filter>PointCloudRenderer</Filter>
    </ClCompile>
    <CustomBuild Include="PointCloudRenderer\PointCloudRenderer.inl">
      <Filter>PointCloudRenderer</Filter>
    </CustomBuild>
    <CustomBuild Include="PointCloudRenderer\PointCloudRenderer_PassThrough_vs.hlsl">
      <Filter>PointCloudRenderer</Filter>
    </CustomBuild>
    <CustomBuild Include="PointCloudRenderer\PointCloudRenderer_PointCloud_vs.hlsl">
      <Filter>PointCloudRenderer</Filter>
    </CustomBuild>
    <CustomBuild Include="PointCloudRenderer\PointCloudRenderer_TexColor_ps.hlsl">
      <Filter>PointCloudRenderer</Filter>
    </CustomBuild>
    <CustomBuild Include="PointCloudRenderer\PointCloudRenderer_TriangleCloud_gs.hlsl">
      <Filter>PointCloudRenderer</Filter>
    </CustomBuild>
  </ItemGroup>
  <ItemGroup>
    <Filter Include="SeparableFilter">
      <UniqueIdentifier>{c5d905be-b49b-4997-8c10-3ac31aac6662}</UniqueIdentifier>
    </Filter>
    <Filter Include="SensorTexGen">
      <UniqueIdentifier>{2c3e05dc-2828-43b9-a826-bf54e5c816c4}</UniqueIdentifier>
    </Filter>
    <Filter Include="PointCloudRenderer">
      <UniqueIdentifier>{927e22d2-e0ee-4d72-8f6c-0f292bdaaab8}</UniqueIdentifier>
    </Filter>
  </ItemGroup>
</Project>