<?xml version="1.0" encoding="utf-8"?>
<Project ToolsVersion="4.0" xmlns="http://schemas.microsoft.com/developer/msbuild/2003">
  <ItemGroup>
    <ClInclude Include="pch.h" />
    <ClInclude Include="KinectVisualizer.h" />
    <ClInclude Include="LinearFrameAllocator.h" />
    <ClInclude Include="PointCloudRenderer.h" />
    <ClInclude Include="SeparableFilter.h">
      <Filter>SeparableFilter</Filter>
    </ClInclude>
  </ItemGroup>
  <ItemGroup>
    <ClCompile Include="pch.cpp" />
    <ClCompile Include="KinectVisualizer.cpp" />
    <ClCompile Include="Main.cpp" />
    <ClCompile Include="LinearFrameAllocator.cpp" />
    <ClCompile Include="PointCloudRenderer.cpp" />
    <ClCompile Include="SeparableFilter.cpp">
      <Filter>SeparableFilter</Filter>
    </ClCompile>
  </ItemGroup>
  <ItemGroup>
    <CustomBuild Include="KinectVisualizer_SharedHeader.inl" />
    <CustomBuild Include="KinectVisualizer.hlsl" />
    <CustomBuild Include="Kinect2CalibData.inl" />
    <CustomBuild Include="PointCloudRenderer.hlsl" />
    <CustomBuild Include="PointCloudRenderer_SharedHeader.inl" />
    <CustomBuild Include="SeparableFilter.hlsl">
      <Filter>SeparableFilter</Filter>
    </CustomBuild>
    <CustomBuild Include="BilateralFilter.hlsl">
      <Filter>SeparableFilter</Filter>
    </CustomBuild>
    <CustomBuild Include="SeparableFilter_SharedHeader.inl">
      <Filter>SeparableFilter</Filter>
    </CustomBuild>
  </ItemGroup>
  <ItemGroup>
    <Filter Include="SeparableFilter">
      <UniqueIdentifier>{c5d905be-b49b-4997-8c10-3ac31aac6662}</UniqueIdentifier>
    </Filter>
  </ItemGroup>
</Project>